// !$*UTF8*$!
{
	archiveVersion = 1;
	classes = {
	};
	objectVersion = 50;
	objects = {

/* Begin PBXBuildFile section */
		2C1B728420C9D388000F104F /* DateSelectViewController.swift in Sources */ = {isa = PBXBuildFile; fileRef = 2C1B728320C9D388000F104F /* DateSelectViewController.swift */; };
		2C1B728620CA3C30000F104F /* ProfileViewController.swift in Sources */ = {isa = PBXBuildFile; fileRef = 2C1B728520CA3C30000F104F /* ProfileViewController.swift */; };
		2CA8AAA920C9630000C97AA9 /* AppDelegate.swift in Sources */ = {isa = PBXBuildFile; fileRef = 2CA8AAA820C9630000C97AA9 /* AppDelegate.swift */; };
		2CA8AAAB20C9630000C97AA9 /* ViewController.swift in Sources */ = {isa = PBXBuildFile; fileRef = 2CA8AAAA20C9630000C97AA9 /* ViewController.swift */; };
		2CA8AAAE20C9630000C97AA9 /* Main.storyboard in Resources */ = {isa = PBXBuildFile; fileRef = 2CA8AAAC20C9630000C97AA9 /* Main.storyboard */; };
		2CA8AAB020C9630100C97AA9 /* Assets.xcassets in Resources */ = {isa = PBXBuildFile; fileRef = 2CA8AAAF20C9630100C97AA9 /* Assets.xcassets */; };
		2CA8AAB320C9630100C97AA9 /* LaunchScreen.storyboard in Resources */ = {isa = PBXBuildFile; fileRef = 2CA8AAB120C9630100C97AA9 /* LaunchScreen.storyboard */; };
		2CA8AABB20C9635400C97AA9 /* README.md in Resources */ = {isa = PBXBuildFile; fileRef = 2CA8AABA20C9635300C97AA9 /* README.md */; };
		2CA8AABD20C978A900C97AA9 /* Sceenshot.png in Resources */ = {isa = PBXBuildFile; fileRef = 2CA8AABC20C978A900C97AA9 /* Sceenshot.png */; };
		2CB8E26F20C9AE4600186AB5 /* ExplorerViewController.swift in Sources */ = {isa = PBXBuildFile; fileRef = 2CB8E26E20C9AE4600186AB5 /* ExplorerViewController.swift */; };
		2CB8E27120C9B99A00186AB5 /* Models.swift in Sources */ = {isa = PBXBuildFile; fileRef = 2CB8E27020C9B99A00186AB5 /* Models.swift */; };
		2CB8E27620C9CE7C00186AB5 /* SavedTableViewController.swift in Sources */ = {isa = PBXBuildFile; fileRef = 2CB8E27520C9CE7C00186AB5 /* SavedTableViewController.swift */; };
/* End PBXBuildFile section */

/* Begin PBXFileReference section */
		2C1B728320C9D388000F104F /* DateSelectViewController.swift */ = {isa = PBXFileReference; lastKnownFileType = sourcecode.swift; path = DateSelectViewController.swift; sourceTree = "<group>"; };
		2C1B728520CA3C30000F104F /* ProfileViewController.swift */ = {isa = PBXFileReference; lastKnownFileType = sourcecode.swift; path = ProfileViewController.swift; sourceTree = "<group>"; };
		2CA8AAA520C9630000C97AA9 /* AirCnC.app */ = {isa = PBXFileReference; explicitFileType = wrapper.application; includeInIndex = 0; path = AirCnC.app; sourceTree = BUILT_PRODUCTS_DIR; };
		2CA8AAA820C9630000C97AA9 /* AppDelegate.swift */ = {isa = PBXFileReference; lastKnownFileType = sourcecode.swift; path = AppDelegate.swift; sourceTree = "<group>"; };
		2CA8AAAA20C9630000C97AA9 /* ViewController.swift */ = {isa = PBXFileReference; lastKnownFileType = sourcecode.swift; path = ViewController.swift; sourceTree = "<group>"; };
		2CA8AAAD20C9630000C97AA9 /* Base */ = {isa = PBXFileReference; lastKnownFileType = file.storyboard; name = Base; path = Base.lproj/Main.storyboard; sourceTree = "<group>"; };
		2CA8AAAF20C9630100C97AA9 /* Assets.xcassets */ = {isa = PBXFileReference; lastKnownFileType = folder.assetcatalog; path = Assets.xcassets; sourceTree = "<group>"; };
		2CA8AAB220C9630100C97AA9 /* Base */ = {isa = PBXFileReference; lastKnownFileType = file.storyboard; name = Base; path = Base.lproj/LaunchScreen.storyboard; sourceTree = "<group>"; };
		2CA8AAB420C9630100C97AA9 /* Info.plist */ = {isa = PBXFileReference; lastKnownFileType = text.plist.xml; path = Info.plist; sourceTree = "<group>"; };
		2CA8AABA20C9635300C97AA9 /* README.md */ = {isa = PBXFileReference; fileEncoding = 4; lastKnownFileType = net.daringfireball.markdown; path = README.md; sourceTree = "<group>"; };
		2CA8AABC20C978A900C97AA9 /* Sceenshot.png */ = {isa = PBXFileReference; lastKnownFileType = image.png; path = Sceenshot.png; sourceTree = "<group>"; };
		2CB8E26E20C9AE4600186AB5 /* ExplorerViewController.swift */ = {isa = PBXFileReference; fileEncoding = 4; lastKnownFileType = sourcecode.swift; path = ExplorerViewController.swift; sourceTree = "<group>"; };
		2CB8E27020C9B99A00186AB5 /* Models.swift */ = {isa = PBXFileReference; lastKnownFileType = sourcecode.swift; path = Models.swift; sourceTree = "<group>"; };
		2CB8E27520C9CE7C00186AB5 /* SavedTableViewController.swift */ = {isa = PBXFileReference; fileEncoding = 4; lastKnownFileType = sourcecode.swift; path = SavedTableViewController.swift; sourceTree = "<group>"; };
/* End PBXFileReference section */

/* Begin PBXFrameworksBuildPhase section */
		2CA8AAA220C9630000C97AA9 /* Frameworks */ = {
			isa = PBXFrameworksBuildPhase;
			buildActionMask = 2147483647;
			files = (
			);
			runOnlyForDeploymentPostprocessing = 0;
		};
/* End PBXFrameworksBuildPhase section */

/* Begin PBXGroup section */
		2CA8AA9C20C9630000C97AA9 = {
			isa = PBXGroup;
			children = (
				2CA8AABC20C978A900C97AA9 /* Sceenshot.png */,
				2CA8AABA20C9635300C97AA9 /* README.md */,
				2CA8AAA720C9630000C97AA9 /* AirCnC */,
				2CA8AAA620C9630000C97AA9 /* Products */,
			);
			sourceTree = "<group>";
		};
		2CA8AAA620C9630000C97AA9 /* Products */ = {
			isa = PBXGroup;
			children = (
				2CA8AAA520C9630000C97AA9 /* AirCnC.app */,
			);
			name = Products;
			sourceTree = "<group>";
		};
		2CA8AAA720C9630000C97AA9 /* AirCnC */ = {
			isa = PBXGroup;
			children = (
				2CB8E27520C9CE7C00186AB5 /* SavedTableViewController.swift */,
				2CA8AAA820C9630000C97AA9 /* AppDelegate.swift */,
				2CA8AAAA20C9630000C97AA9 /* ViewController.swift */,
				2CB8E27020C9B99A00186AB5 /* Models.swift */,
				2CB8E26E20C9AE4600186AB5 /* ExplorerViewController.swift */,
				2C1B728320C9D388000F104F /* DateSelectViewController.swift */,
				2C1B728520CA3C30000F104F /* ProfileViewController.swift */,
				2CA8AAAC20C9630000C97AA9 /* Main.storyboard */,
				2CA8AAAF20C9630100C97AA9 /* Assets.xcassets */,
				2CA8AAB120C9630100C97AA9 /* LaunchScreen.storyboard */,
				2CA8AAB420C9630100C97AA9 /* Info.plist */,
			);
			path = AirCnC;
			sourceTree = "<group>";
		};
/* End PBXGroup section */

/* Begin PBXNativeTarget section */
		2CA8AAA420C9630000C97AA9 /* AirCnC */ = {
			isa = PBXNativeTarget;
			buildConfigurationList = 2CA8AAB720C9630100C97AA9 /* Build configuration list for PBXNativeTarget "AirCnC" */;
			buildPhases = (
				2CA8AAA120C9630000C97AA9 /* Sources */,
				2CA8AAA220C9630000C97AA9 /* Frameworks */,
				2CA8AAA320C9630000C97AA9 /* Resources */,
			);
			buildRules = (
			);
			dependencies = (
			);
			name = AirCnC;
			productName = AirCnC;
			productReference = 2CA8AAA520C9630000C97AA9 /* AirCnC.app */;
			productType = "com.apple.product-type.application";
		};
/* End PBXNativeTarget section */

/* Begin PBXProject section */
		2CA8AA9D20C9630000C97AA9 /* Project object */ = {
			isa = PBXProject;
			attributes = {
				LastSwiftUpdateCheck = 0940;
				LastUpgradeCheck = 0940;
				ORGANIZATIONNAME = "Jaehoon Lee";
				TargetAttributes = {
					2CA8AAA420C9630000C97AA9 = {
						CreatedOnToolsVersion = 9.4;
					};
				};
			};
			buildConfigurationList = 2CA8AAA020C9630000C97AA9 /* Build configuration list for PBXProject "AirCnC" */;
			compatibilityVersion = "Xcode 9.3";
			developmentRegion = en;
			hasScannedForEncodings = 0;
			knownRegions = (
				en,
				Base,
			);
			mainGroup = 2CA8AA9C20C9630000C97AA9;
			productRefGroup = 2CA8AAA620C9630000C97AA9 /* Products */;
			projectDirPath = "";
			projectRoot = "";
			targets = (
				2CA8AAA420C9630000C97AA9 /* AirCnC */,
			);
		};
/* End PBXProject section */

/* Begin PBXResourcesBuildPhase section */
		2CA8AAA320C9630000C97AA9 /* Resources */ = {
			isa = PBXResourcesBuildPhase;
			buildActionMask = 2147483647;
			files = (
				2CA8AAB320C9630100C97AA9 /* LaunchScreen.storyboard in Resources */,
				2CA8AAB020C9630100C97AA9 /* Assets.xcassets in Resources */,
				2CA8AABB20C9635400C97AA9 /* README.md in Resources */,
				2CA8AABD20C978A900C97AA9 /* Sceenshot.png in Resources */,
				2CA8AAAE20C9630000C97AA9 /* Main.storyboard in Resources */,
			);
			runOnlyForDeploymentPostprocessing = 0;
		};
/* End PBXResourcesBuildPhase section */

/* Begin PBXSourcesBuildPhase section */
		2CA8AAA120C9630000C97AA9 /* Sources */ = {
			isa = PBXSourcesBuildPhase;
			buildActionMask = 2147483647;
			files = (
				2CA8AAAB20C9630000C97AA9 /* ViewController.swift in Sources */,
				2CB8E26F20C9AE4600186AB5 /* ExplorerViewController.swift in Sources */,
				2CB8E27620C9CE7C00186AB5 /* SavedTableViewController.swift in Sources */,
				2CA8AAA920C9630000C97AA9 /* AppDelegate.swift in Sources */,
				2C1B728620CA3C30000F104F /* ProfileViewController.swift in Sources */,
				2CB8E27120C9B99A00186AB5 /* Models.swift in Sources */,
				2C1B728420C9D388000F104F /* DateSelectViewController.swift in Sources */,
			);
			runOnlyForDeploymentPostprocessing = 0;
		};
/* End PBXSourcesBuildPhase section */

/* Begin PBXVariantGroup section */
		2CA8AAAC20C9630000C97AA9 /* Main.storyboard */ = {
			isa = PBXVariantGroup;
			children = (
				2CA8AAAD20C9630000C97AA9 /* Base */,
			);
			name = Main.storyboard;
			sourceTree = "<group>";
		};
		2CA8AAB120C9630100C97AA9 /* LaunchScreen.storyboard */ = {
			isa = PBXVariantGroup;
			children = (
				2CA8AAB220C9630100C97AA9 /* Base */,
			);
			name = LaunchScreen.storyboard;
			sourceTree = "<group>";
		};
/* End PBXVariantGroup section */

/* Begin XCBuildConfiguration section */
		2CA8AAB520C9630100C97AA9 /* Debug */ = {
			isa = XCBuildConfiguration;
			buildSettings = {
				ALWAYS_SEARCH_USER_PATHS = NO;
				CLANG_ANALYZER_NONNULL = YES;
				CLANG_ANALYZER_NUMBER_OBJECT_CONVERSION = YES_AGGRESSIVE;
				CLANG_CXX_LANGUAGE_STANDARD = "gnu++14";
				CLANG_CXX_LIBRARY = "libc++";
				CLANG_ENABLE_MODULES = YES;
				CLANG_ENABLE_OBJC_ARC = YES;
				CLANG_ENABLE_OBJC_WEAK = YES;
				CLANG_WARN_BLOCK_CAPTURE_AUTORELEASING = YES;
				CLANG_WARN_BOOL_CONVERSION = YES;
				CLANG_WARN_COMMA = YES;
				CLANG_WARN_CONSTANT_CONVERSION = YES;
				CLANG_WARN_DEPRECATED_OBJC_IMPLEMENTATIONS = YES;
				CLANG_WARN_DIRECT_OBJC_ISA_USAGE = YES_ERROR;
				CLANG_WARN_DOCUMENTATION_COMMENTS = YES;
				CLANG_WARN_EMPTY_BODY = YES;
				CLANG_WARN_ENUM_CONVERSION = YES;
				CLANG_WARN_INFINITE_RECURSION = YES;
				CLANG_WARN_INT_CONVERSION = YES;
				CLANG_WARN_NON_LITERAL_NULL_CONVERSION = YES;
				CLANG_WARN_OBJC_IMPLICIT_RETAIN_SELF = YES;
				CLANG_WARN_OBJC_LITERAL_CONVERSION = YES;
				CLANG_WARN_OBJC_ROOT_CLASS = YES_ERROR;
				CLANG_WARN_RANGE_LOOP_ANALYSIS = YES;
				CLANG_WARN_STRICT_PROTOTYPES = YES;
				CLANG_WARN_SUSPICIOUS_MOVE = YES;
				CLANG_WARN_UNGUARDED_AVAILABILITY = YES_AGGRESSIVE;
				CLANG_WARN_UNREACHABLE_CODE = YES;
				CLANG_WARN__DUPLICATE_METHOD_MATCH = YES;
				CODE_SIGN_IDENTITY = "iPhone Developer";
				COPY_PHASE_STRIP = NO;
				DEBUG_INFORMATION_FORMAT = dwarf;
				ENABLE_STRICT_OBJC_MSGSEND = YES;
				ENABLE_TESTABILITY = YES;
				GCC_C_LANGUAGE_STANDARD = gnu11;
				GCC_DYNAMIC_NO_PIC = NO;
				GCC_NO_COMMON_BLOCKS = YES;
				GCC_OPTIMIZATION_LEVEL = 0;
				GCC_PREPROCESSOR_DEFINITIONS = (
					"DEBUG=1",
					"$(inherited)",
				);
				GCC_WARN_64_TO_32_BIT_CONVERSION = YES;
				GCC_WARN_ABOUT_RETURN_TYPE = YES_ERROR;
				GCC_WARN_UNDECLARED_SELECTOR = YES;
				GCC_WARN_UNINITIALIZED_AUTOS = YES_AGGRESSIVE;
				GCC_WARN_UNUSED_FUNCTION = YES;
				GCC_WARN_UNUSED_VARIABLE = YES;
				IPHONEOS_DEPLOYMENT_TARGET = 11.4;
				MTL_ENABLE_DEBUG_INFO = YES;
				ONLY_ACTIVE_ARCH = YES;
				SDKROOT = iphoneos;
				SWIFT_ACTIVE_COMPILATION_CONDITIONS = DEBUG;
				SWIFT_OPTIMIZATION_LEVEL = "-Onone";
			};
			name = Debug;
		};
		2CA8AAB620C9630100C97AA9 /* Release */ = {
			isa = XCBuildConfiguration;
			buildSettings = {
				ALWAYS_SEARCH_USER_PATHS = NO;
				CLANG_ANALYZER_NONNULL = YES;
				CLANG_ANALYZER_NUMBER_OBJECT_CONVERSION = YES_AGGRESSIVE;
				CLANG_CXX_LANGUAGE_STANDARD = "gnu++14";
				CLANG_CXX_LIBRARY = "libc++";
				CLANG_ENABLE_MODULES = YES;
				CLANG_ENABLE_OBJC_ARC = YES;
				CLANG_ENABLE_OBJC_WEAK = YES;
				CLANG_WARN_BLOCK_CAPTURE_AUTORELEASING = YES;
				CLANG_WARN_BOOL_CONVERSION = YES;
				CLANG_WARN_COMMA = YES;
				CLANG_WARN_CONSTANT_CONVERSION = YES;
				CLANG_WARN_DEPRECATED_OBJC_IMPLEMENTATIONS = YES;
				CLANG_WARN_DIRECT_OBJC_ISA_USAGE = YES_ERROR;
				CLANG_WARN_DOCUMENTATION_COMMENTS = YES;
				CLANG_WARN_EMPTY_BODY = YES;
				CLANG_WARN_ENUM_CONVERSION = YES;
				CLANG_WARN_INFINITE_RECURSION = YES;
				CLANG_WARN_INT_CONVERSION = YES;
				CLANG_WARN_NON_LITERAL_NULL_CONVERSION = YES;
				CLANG_WARN_OBJC_IMPLICIT_RETAIN_SELF = YES;
				CLANG_WARN_OBJC_LITERAL_CONVERSION = YES;
				CLANG_WARN_OBJC_ROOT_CLASS = YES_ERROR;
				CLANG_WARN_RANGE_LOOP_ANALYSIS = YES;
				CLANG_WARN_STRICT_PROTOTYPES = YES;
				CLANG_WARN_SUSPICIOUS_MOVE = YES;
				CLANG_WARN_UNGUARDED_AVAILABILITY = YES_AGGRESSIVE;
				CLANG_WARN_UNREACHABLE_CODE = YES;
				CLANG_WARN__DUPLICATE_METHOD_MATCH = YES;
				CODE_SIGN_IDENTITY = "iPhone Developer";
				COPY_PHASE_STRIP = NO;
				DEBUG_INFORMATION_FORMAT = "dwarf-with-dsym";
				ENABLE_NS_ASSERTIONS = NO;
				ENABLE_STRICT_OBJC_MSGSEND = YES;
				GCC_C_LANGUAGE_STANDARD = gnu11;
				GCC_NO_COMMON_BLOCKS = YES;
				GCC_WARN_64_TO_32_BIT_CONVERSION = YES;
				GCC_WARN_ABOUT_RETURN_TYPE = YES_ERROR;
				GCC_WARN_UNDECLARED_SELECTOR = YES;
				GCC_WARN_UNINITIALIZED_AUTOS = YES_AGGRESSIVE;
				GCC_WARN_UNUSED_FUNCTION = YES;
				GCC_WARN_UNUSED_VARIABLE = YES;
				IPHONEOS_DEPLOYMENT_TARGET = 11.4;
				MTL_ENABLE_DEBUG_INFO = NO;
				SDKROOT = iphoneos;
				SWIFT_COMPILATION_MODE = wholemodule;
				SWIFT_OPTIMIZATION_LEVEL = "-O";
				VALIDATE_PRODUCT = YES;
			};
			name = Release;
		};
		2CA8AAB820C9630100C97AA9 /* Debug */ = {
			isa = XCBuildConfiguration;
			buildSettings = {
				ASSETCATALOG_COMPILER_APPICON_NAME = AppIcon;
				CODE_SIGN_STYLE = Automatic;
				INFOPLIST_FILE = AirCnC/Info.plist;
				LD_RUNPATH_SEARCH_PATHS = (
					"$(inherited)",
					"@executable_path/Frameworks",
				);
				PRODUCT_BUNDLE_IDENTIFIER = com.codershigh.AirCnC;
				PRODUCT_NAME = "$(TARGET_NAME)";
				SWIFT_VERSION = 4.0;
				TARGETED_DEVICE_FAMILY = "1,2";
			};
			name = Debug;
		};
		2CA8AAB920C9630100C97AA9 /* Release */ = {
			isa = XCBuildConfiguration;
			buildSettings = {
				ASSETCATALOG_COMPILER_APPICON_NAME = AppIcon;
				CODE_SIGN_STYLE = Automatic;
				INFOPLIST_FILE = AirCnC/Info.plist;
				LD_RUNPATH_SEARCH_PATHS = (
					"$(inherited)",
					"@executable_path/Frameworks",
				);
				PRODUCT_BUNDLE_IDENTIFIER = com.codershigh.AirCnC;
				PRODUCT_NAME = "$(TARGET_NAME)";
				SWIFT_VERSION = 4.0;
				TARGETED_DEVICE_FAMILY = "1,2";
			};
			name = Release;
		};
/* End XCBuildConfiguration section */

/* Begin XCConfigurationList section */
		2CA8AAA020C9630000C97AA9 /* Build configuration list for PBXProject "AirCnC" */ = {
			isa = XCConfigurationList;
			buildConfigurations = (
				2CA8AAB520C9630100C97AA9 /* Debug */,
				2CA8AAB620C9630100C97AA9 /* Release */,
			);
			defaultConfigurationIsVisible = 0;
			defaultConfigurationName = Release;
		};
		2CA8AAB720C9630100C97AA9 /* Build configuration list for PBXNativeTarget "AirCnC" */ = {
			isa = XCConfigurationList;
			buildConfigurations = (
				2CA8AAB820C9630100C97AA9 /* Debug */,
				2CA8AAB920C9630100C97AA9 /* Release */,
			);
			defaultConfigurationIsVisible = 0;
			defaultConfigurationName = Release;
		};
/* End XCConfigurationList section */
	};
	rootObject = 2CA8AA9D20C9630000C97AA9 /* Project object */;
}
